// !$*UTF8*$!
{
	archiveVersion = 1;
	classes = {
	};
	objectVersion = 48;
	objects = {

/* Begin PBXBuildFile section */
		BBBE098D1FF7AA0E00833893 /* AppDelegate.swift in Sources */ = {isa = PBXBuildFile; fileRef = BBBE098C1FF7AA0E00833893 /* AppDelegate.swift */; };
		BBBE098F1FF7AA0E00833893 /* ViewController.swift in Sources */ = {isa = PBXBuildFile; fileRef = BBBE098E1FF7AA0E00833893 /* ViewController.swift */; };
		BBBE09921FF7AA0E00833893 /* Main.storyboard in Resources */ = {isa = PBXBuildFile; fileRef = BBBE09901FF7AA0E00833893 /* Main.storyboard */; };
		BBBE09941FF7AA0F00833893 /* Assets.xcassets in Resources */ = {isa = PBXBuildFile; fileRef = BBBE09931FF7AA0F00833893 /* Assets.xcassets */; };
		BBBE09971FF7AA0F00833893 /* LaunchScreen.storyboard in Resources */ = {isa = PBXBuildFile; fileRef = BBBE09951FF7AA0F00833893 /* LaunchScreen.storyboard */; };
		BBBE099F1FF7AFDE00833893 /* StrechyHeaderView.swift in Sources */ = {isa = PBXBuildFile; fileRef = BBBE099E1FF7AFDE00833893 /* StrechyHeaderView.swift */; };
/* End PBXBuildFile section */

/* Begin PBXFileReference section */
		BBBE09891FF7AA0E00833893 /* StrechyHeaderProject.app */ = {isa = PBXFileReference; explicitFileType = wrapper.application; includeInIndex = 0; path = StrechyHeaderProject.app; sourceTree = BUILT_PRODUCTS_DIR; };
		BBBE098C1FF7AA0E00833893 /* AppDelegate.swift */ = {isa = PBXFileReference; lastKnownFileType = sourcecode.swift; path = AppDelegate.swift; sourceTree = "<group>"; };
		BBBE098E1FF7AA0E00833893 /* ViewController.swift */ = {isa = PBXFileReference; lastKnownFileType = sourcecode.swift; path = ViewController.swift; sourceTree = "<group>"; };
		BBBE09911FF7AA0E00833893 /* Base */ = {isa = PBXFileReference; lastKnownFileType = file.storyboard; name = Base; path = Base.lproj/Main.storyboard; sourceTree = "<group>"; };
		BBBE09931FF7AA0F00833893 /* Assets.xcassets */ = {isa = PBXFileReference; lastKnownFileType = folder.assetcatalog; path = Assets.xcassets; sourceTree = "<group>"; };
		BBBE09961FF7AA0F00833893 /* Base */ = {isa = PBXFileReference; lastKnownFileType = file.storyboard; name = Base; path = Base.lproj/LaunchScreen.storyboard; sourceTree = "<group>"; };
		BBBE09981FF7AA0F00833893 /* Info.plist */ = {isa = PBXFileReference; lastKnownFileType = text.plist.xml; path = Info.plist; sourceTree = "<group>"; };
		BBBE099E1FF7AFDE00833893 /* StrechyHeaderView.swift */ = {isa = PBXFileReference; lastKnownFileType = sourcecode.swift; path = StrechyHeaderView.swift; sourceTree = "<group>"; };
/* End PBXFileReference section */

/* Begin PBXFrameworksBuildPhase section */
		BBBE09861FF7AA0E00833893 /* Frameworks */ = {
			isa = PBXFrameworksBuildPhase;
			buildActionMask = 2147483647;
			files = (
			);
			runOnlyForDeploymentPostprocessing = 0;
		};
/* End PBXFrameworksBuildPhase section */

/* Begin PBXGroup section */
		BBBE09801FF7AA0E00833893 = {
			isa = PBXGroup;
			children = (
				BBBE098B1FF7AA0E00833893 /* StrechyHeaderProject */,
				BBBE098A1FF7AA0E00833893 /* Products */,
			);
			sourceTree = "<group>";
		};
		BBBE098A1FF7AA0E00833893 /* Products */ = {
			isa = PBXGroup;
			children = (
				BBBE09891FF7AA0E00833893 /* StrechyHeaderProject.app */,
			);
			name = Products;
			sourceTree = "<group>";
		};
		BBBE098B1FF7AA0E00833893 /* StrechyHeaderProject */ = {
			isa = PBXGroup;
			children = (
				BBBE098C1FF7AA0E00833893 /* AppDelegate.swift */,
				BBBE098E1FF7AA0E00833893 /* ViewController.swift */,
				BBBE09901FF7AA0E00833893 /* Main.storyboard */,
				BBBE09931FF7AA0F00833893 /* Assets.xcassets */,
				BBBE09951FF7AA0F00833893 /* LaunchScreen.storyboard */,
				BBBE09981FF7AA0F00833893 /* Info.plist */,
				BBBE099E1FF7AFDE00833893 /* StrechyHeaderView.swift */,
			);
			path = StrechyHeaderProject;
			sourceTree = "<group>";
		};
/* End PBXGroup section */

/* Begin PBXNativeTarget section */
		BBBE09881FF7AA0E00833893 /* StrechyHeaderProject */ = {
			isa = PBXNativeTarget;
			buildConfigurationList = BBBE099B1FF7AA0F00833893 /* Build configuration list for PBXNativeTarget "StrechyHeaderProject" */;
			buildPhases = (
				BBBE09851FF7AA0E00833893 /* Sources */,
				BBBE09861FF7AA0E00833893 /* Frameworks */,
				BBBE09871FF7AA0E00833893 /* Resources */,
			);
			buildRules = (
			);
			dependencies = (
			);
			name = StrechyHeaderProject;
			productName = StrechyHeaderProject;
			productReference = BBBE09891FF7AA0E00833893 /* StrechyHeaderProject.app */;
			productType = "com.apple.product-type.application";
		};
/* End PBXNativeTarget section */

/* Begin PBXProject section */
		BBBE09811FF7AA0E00833893 /* Project object */ = {
			isa = PBXProject;
			attributes = {
				LastSwiftUpdateCheck = 0920;
				LastUpgradeCheck = 0920;
				ORGANIZATIONNAME = "Prateek Sharma";
				TargetAttributes = {
					BBBE09881FF7AA0E00833893 = {
						CreatedOnToolsVersion = 9.2;
						ProvisioningStyle = Automatic;
					};
				};
			};
			buildConfigurationList = BBBE09841FF7AA0E00833893 /* Build configuration list for PBXProject "StrechyHeaderProject" */;
			compatibilityVersion = "Xcode 8.0";
			developmentRegion = en;
			hasScannedForEncodings = 0;
			knownRegions = (
				en,
				Base,
			);
			mainGroup = BBBE09801FF7AA0E00833893;
			productRefGroup = BBBE098A1FF7AA0E00833893 /* Products */;
			projectDirPath = "";
			projectRoot = "";
			targets = (
				BBBE09881FF7AA0E00833893 /* StrechyHeaderProject */,
			);
		};
/* End PBXProject section */

/* Begin PBXResourcesBuildPhase section */
		BBBE09871FF7AA0E00833893 /* Resources */ = {
			isa = PBXResourcesBuildPhase;
			buildActionMask = 2147483647;
			files = (
				BBBE09971FF7AA0F00833893 /* LaunchScreen.storyboard in Resources */,
				BBBE09941FF7AA0F00833893 /* Assets.xcassets in Resources */,
				BBBE09921FF7AA0E00833893 /* Main.storyboard in Resources */,
			);
			runOnlyForDeploymentPostprocessing = 0;
		};
/* End PBXResourcesBuildPhase section */

/* Begin PBXSourcesBuildPhase section */
		BBBE09851FF7AA0E00833893 /* Sources */ = {
			isa = PBXSourcesBuildPhase;
			buildActionMask = 2147483647;
			files = (
				BBBE098F1FF7AA0E00833893 /* ViewController.swift in Sources */,
				BBBE098D1FF7AA0E00833893 /* AppDelegate.swift in Sources */,
				BBBE099F1FF7AFDE00833893 /* StrechyHeaderView.swift in Sources */,
			);
			runOnlyForDeploymentPostprocessing = 0;
		};
/* End PBXSourcesBuildPhase section */

/* Begin PBXVariantGroup section */
		BBBE09901FF7AA0E00833893 /* Main.storyboard */ = {
			isa = PBXVariantGroup;
			children = (
				BBBE09911FF7AA0E00833893 /* Base */,
			);
			name = Main.storyboard;
			sourceTree = "<group>";
		};
		BBBE09951FF7AA0F00833893 /* LaunchScreen.storyboard */ = {
			isa = PBXVariantGroup;
			children = (
				BBBE09961FF7AA0F00833893 /* Base */,
			);
			name = LaunchScreen.storyboard;
			sourceTree = "<group>";
		};
/* End PBXVariantGroup section */

/* Begin XCBuildConfiguration section */
		BBBE09991FF7AA0F00833893 /* Debug */ = {
			isa = XCBuildConfiguration;
			buildSettings = {
				ALWAYS_SEARCH_USER_PATHS = NO;
				CLANG_ANALYZER_NONNULL = YES;
				CLANG_ANALYZER_NUMBER_OBJECT_CONVERSION = YES_AGGRESSIVE;
				CLANG_CXX_LANGUAGE_STANDARD = "gnu++14";
				CLANG_CXX_LIBRARY = "libc++";
				CLANG_ENABLE_MODULES = YES;
				CLANG_ENABLE_OBJC_ARC = YES;
				CLANG_WARN_BLOCK_CAPTURE_AUTORELEASING = YES;
				CLANG_WARN_BOOL_CONVERSION = YES;
				CLANG_WARN_COMMA = YES;
				CLANG_WARN_CONSTANT_CONVERSION = YES;
				CLANG_WARN_DIRECT_OBJC_ISA_USAGE = YES_ERROR;
				CLANG_WARN_DOCUMENTATION_COMMENTS = YES;
				CLANG_WARN_EMPTY_BODY = YES;
				CLANG_WARN_ENUM_CONVERSION = YES;
				CLANG_WARN_INFINITE_RECURSION = YES;
				CLANG_WARN_INT_CONVERSION = YES;
				CLANG_WARN_NON_LITERAL_NULL_CONVERSION = YES;
				CLANG_WARN_OBJC_LITERAL_CONVERSION = YES;
				CLANG_WARN_OBJC_ROOT_CLASS = YES_ERROR;
				CLANG_WARN_RANGE_LOOP_ANALYSIS = YES;
				CLANG_WARN_STRICT_PROTOTYPES = YES;
				CLANG_WARN_SUSPICIOUS_MOVE = YES;
				CLANG_WARN_UNGUARDED_AVAILABILITY = YES_AGGRESSIVE;
				CLANG_WARN_UNREACHABLE_CODE = YES;
				CLANG_WARN__DUPLICATE_METHOD_MATCH = YES;
				CODE_SIGN_IDENTITY = "iPhone Developer";
				COPY_PHASE_STRIP = NO;
				DEBUG_INFORMATION_FORMAT = dwarf;
				ENABLE_STRICT_OBJC_MSGSEND = YES;
				ENABLE_TESTABILITY = YES;
				GCC_C_LANGUAGE_STANDARD = gnu11;
				GCC_DYNAMIC_NO_PIC = NO;
				GCC_NO_COMMON_BLOCKS = YES;
				GCC_OPTIMIZATION_LEVEL = 0;
				GCC_PREPROCESSOR_DEFINITIONS = (
					"DEBUG=1",
					"$(inherited)",
				);
				GCC_WARN_64_TO_32_BIT_CONVERSION = YES;
				GCC_WARN_ABOUT_RETURN_TYPE = YES_ERROR;
				GCC_WARN_UNDECLARED_SELECTOR = YES;
				GCC_WARN_UNINITIALIZED_AUTOS = YES_AGGRESSIVE;
				GCC_WARN_UNUSED_FUNCTION = YES;
				GCC_WARN_UNUSED_VARIABLE = YES;
				IPHONEOS_DEPLOYMENT_TARGET = 11.2;
				MTL_ENABLE_DEBUG_INFO = YES;
				ONLY_ACTIVE_ARCH = YES;
				SDKROOT = iphoneos;
				SWIFT_ACTIVE_COMPILATION_CONDITIONS = DEBUG;
				SWIFT_OPTIMIZATION_LEVEL = "-Onone";
			};
			name = Debug;
		};
		BBBE099A1FF7AA0F00833893 /* Release */ = {
			isa = XCBuildConfiguration;
			buildSettings = {
				ALWAYS_SEARCH_USER_PATHS = NO;
				CLANG_ANALYZER_NONNULL = YES;
				CLANG_ANALYZER_NUMBER_OBJECT_CONVERSION = YES_AGGRESSIVE;
				CLANG_CXX_LANGUAGE_STANDARD = "gnu++14";
				CLANG_CXX_LIBRARY = "libc++";
				CLANG_ENABLE_MODULES = YES;
				CLANG_ENABLE_OBJC_ARC = YES;
				CLANG_WARN_BLOCK_CAPTURE_AUTORELEASING = YES;
				CLANG_WARN_BOOL_CONVERSION = YES;
				CLANG_WARN_COMMA = YES;
				CLANG_WARN_CONSTANT_CONVERSION = YES;
				CLANG_WARN_DIRECT_OBJC_ISA_USAGE = YES_ERROR;
				CLANG_WARN_DOCUMENTATION_COMMENTS = YES;
				CLANG_WARN_EMPTY_BODY = YES;
				CLANG_WARN_ENUM_CONVERSION = YES;
				CLANG_WARN_INFINITE_RECURSION = YES;
				CLANG_WARN_INT_CONVERSION = YES;
				CLANG_WARN_NON_LITERAL_NULL_CONVERSION = YES;
				CLANG_WARN_OBJC_LITERAL_CONVERSION = YES;
				CLANG_WARN_OBJC_ROOT_CLASS = YES_ERROR;
				CLANG_WARN_RANGE_LOOP_ANALYSIS = YES;
				CLANG_WARN_STRICT_PROTOTYPES = YES;
				CLANG_WARN_SUSPICIOUS_MOVE = YES;
				CLANG_WARN_UNGUARDED_AVAILABILITY = YES_AGGRESSIVE;
				CLANG_WARN_UNREACHABLE_CODE = YES;
				CLANG_WARN__DUPLICATE_METHOD_MATCH = YES;
				CODE_SIGN_IDENTITY = "iPhone Developer";
				COPY_PHASE_STRIP = NO;
				DEBUG_INFORMATION_FORMAT = "dwarf-with-dsym";
				ENABLE_NS_ASSERTIONS = NO;
				ENABLE_STRICT_OBJC_MSGSEND = YES;
				GCC_C_LANGUAGE_STANDARD = gnu11;
				GCC_NO_COMMON_BLOCKS = YES;
				GCC_WARN_64_TO_32_BIT_CONVERSION = YES;
				GCC_WARN_ABOUT_RETURN_TYPE = YES_ERROR;
				GCC_WARN_UNDECLARED_SELECTOR = YES;
				GCC_WARN_UNINITIALIZED_AUTOS = YES_AGGRESSIVE;
				GCC_WARN_UNUSED_FUNCTION = YES;
				GCC_WARN_UNUSED_VARIABLE = YES;
				IPHONEOS_DEPLOYMENT_TARGET = 11.2;
				MTL_ENABLE_DEBUG_INFO = NO;
				SDKROOT = iphoneos;
				SWIFT_OPTIMIZATION_LEVEL = "-Owholemodule";
				VALIDATE_PRODUCT = YES;
			};
			name = Release;
		};
		BBBE099C1FF7AA0F00833893 /* Debug */ = {
			isa = XCBuildConfiguration;
			buildSettings = {
				ASSETCATALOG_COMPILER_APPICON_NAME = AppIcon;
				CODE_SIGN_STYLE = Automatic;
				INFOPLIST_FILE = StrechyHeaderProject/Info.plist;
				LD_RUNPATH_SEARCH_PATHS = "$(inherited) @executable_path/Frameworks";
				PRODUCT_BUNDLE_IDENTIFIER = prat14k.StrechyHeaderProject;
				PRODUCT_NAME = "$(TARGET_NAME)";
				SWIFT_VERSION = 4.0;
				TARGETED_DEVICE_FAMILY = "1,2";
			};
			name = Debug;
		};
		BBBE099D1FF7AA0F00833893 /* Release */ = {
			isa = XCBuildConfiguration;
			buildSettings = {
				ASSETCATALOG_COMPILER_APPICON_NAME = AppIcon;
				CODE_SIGN_STYLE = Automatic;
				INFOPLIST_FILE = StrechyHeaderProject/Info.plist;
				LD_RUNPATH_SEARCH_PATHS = "$(inherited) @executable_path/Frameworks";
				PRODUCT_BUNDLE_IDENTIFIER = prat14k.StrechyHeaderProject;
				PRODUCT_NAME = "$(TARGET_NAME)";
				SWIFT_VERSION = 4.0;
				TARGETED_DEVICE_FAMILY = "1,2";
			};
			name = Release;
		};
/* End XCBuildConfiguration section */

/* Begin XCConfigurationList section */
		BBBE09841FF7AA0E00833893 /* Build configuration list for PBXProject "StrechyHeaderProject" */ = {
			isa = XCConfigurationList;
			buildConfigurations = (
				BBBE09991FF7AA0F00833893 /* Debug */,
				BBBE099A1FF7AA0F00833893 /* Release */,
			);
			defaultConfigurationIsVisible = 0;
			defaultConfigurationName = Release;
		};
		BBBE099B1FF7AA0F00833893 /* Build configuration list for PBXNativeTarget "StrechyHeaderProject" */ = {
			isa = XCConfigurationList;
			buildConfigurations = (
				BBBE099C1FF7AA0F00833893 /* Debug */,
				BBBE099D1FF7AA0F00833893 /* Release */,
			);
			defaultConfigurationIsVisible = 0;
			defaultConfigurationName = Release;
		};
/* End XCConfigurationList section */
	};
	rootObject = BBBE09811FF7AA0E00833893 /* Project object */;
}
